
Microsoft Visual Studio Solution File, Format Version 12.00
# Visual Studio Version 17
VisualStudioVersion = 17.13.35931.197
MinimumVisualStudioVersion = 10.0.40219.1
Project("{FAE04EC0-301F-11D3-BF4B-00C04F79EFBC}") = "BeTaskManagement", "BeTaskManagement\BeTaskManagement.csproj", "{58DAD609-3E9C-460A-B7CD-2C082D399477}"
EndProject
Global
	GlobalSection(SolutionConfigurationPlatforms) = preSolution
		Debug|Any CPU = Debug|Any CPU
		Release|Any CPU = Release|Any CPU
	EndGlobalSection
	GlobalSection(ProjectConfigurationPlatforms) = postSolution
		{58DAD609-3E9C-460A-B7CD-2C082D399477}.Debug|Any CPU.ActiveCfg = Debug|Any CPU
		{58DAD609-3E9C-460A-B7CD-2C082D399477}.Debug|Any CPU.Build.0 = Debug|Any CPU
		{58DAD609-3E9C-460A-B7CD-2C082D399477}.Release|Any CPU.ActiveCfg = Release|Any CPU
		{58DAD609-3E9C-460A-B7CD-2C082D399477}.Release|Any CPU.Build.0 = Release|Any CPU
	EndGlobalSection
	GlobalSection(SolutionProperties) = preSolution
		HideSolutionNode = FALSE
	EndGlobalSection
	GlobalSection(ExtensibilityGlobals) = postSolution
		SolutionGuid = {E7A75BB5-13B5-4B28-83E2-58921DB2837F}
	EndGlobalSection
EndGlobal
